
Microsoft Visual Studio Solution File, Format Version 12.00
# Visual Studio Version 17
VisualStudioVersion = 17.6.33829.357
MinimumVisualStudioVersion = 10.0.40219.1
Project("{FAE04EC0-301F-11D3-BF4B-00C04F79EFBC}") = "CovarianceAndContravarianceDelegateExample", "CovarianceAndContravarianceDelegateExample\CovarianceAndContravarianceDelegateExample.csproj", "{2A846FEA-3433-4A48-8EC2-9A1AB7271625}"
EndProject
Global
	GlobalSection(SolutionConfigurationPlatforms) = preSolution
		Debug|Any CPU = Debug|Any CPU
		Release|Any CPU = Release|Any CPU
	EndGlobalSection
	GlobalSection(ProjectConfigurationPlatforms) = postSolution
		{2A846FEA-3433-4A48-8EC2-9A1AB7271625}.Debug|Any CPU.ActiveCfg = Debug|Any CPU
		{2A846FEA-3433-4A48-8EC2-9A1AB7271625}.Debug|Any CPU.Build.0 = Debug|Any CPU
		{2A846FEA-3433-4A48-8EC2-9A1AB7271625}.Release|Any CPU.ActiveCfg = Release|Any CPU
		{2A846FEA-3433-4A48-8EC2-9A1AB7271625}.Release|Any CPU.Build.0 = Release|Any CPU
	EndGlobalSection
	GlobalSection(SolutionProperties) = preSolution
		HideSolutionNode = FALSE
	EndGlobalSection
	GlobalSection(ExtensibilityGlobals) = postSolution
		SolutionGuid = {E4995862-F03E-4136-8B7A-9CB816CA470E}
	EndGlobalSection
EndGlobal
